<?xml version="1.0" encoding="utf-8"?>
<Project ToolsVersion="4.0" xmlns="http://schemas.microsoft.com/developer/msbuild/2003">
  <ItemGroup>
    <Filter Include="소스 파일">
      <UniqueIdentifier>{4FC737F1-C7A5-4376-A066-2A32D752A2FF}</UniqueIdentifier>
      <Extensions>cpp;c;cc;cxx;c++;def;odl;idl;hpj;bat;asm;asmx</Extensions>
    </Filter>
    <Filter Include="헤더 파일">
      <UniqueIdentifier>{93995380-89BD-4b04-88EB-625FBE52EBFB}</UniqueIdentifier>
      <Extensions>h;hh;hpp;hxx;h++;hm;inl;inc;ipp;xsd</Extensions>
    </Filter>
    <Filter Include="리소스 파일">
      <UniqueIdentifier>{67DA6AB6-F800-4c08-8B7A-83BB121AAD01}</UniqueIdentifier>
      <Extensions>rc;ico;cur;bmp;dlg;rc2;rct;bin;rgs;gif;jpg;jpeg;jpe;resx;tiff;tif;png;wav;mfcribbon-ms</Extensions>
    </Filter>
    <Filter Include="소스 파일\Main">
      <UniqueIdentifier>{98ca0420-e5f5-44ad-a367-4b22cdbb3127}</UniqueIdentifier>
    </Filter>
    <Filter Include="소스 파일\Game">
      <UniqueIdentifier>{1075605b-15ba-416d-bbfb-a55308517ed5}</UniqueIdentifier>
    </Filter>
  </ItemGroup>
  <ItemGroup>
    <ClCompile Include="main.cpp">
      <Filter>소스 파일\Main</Filter>
    </ClCompile>
    <ClCompile Include="DescriptorSets.cpp">
      <Filter>소스 파일\Main</Filter>
    </ClCompile>
    <ClCompile Include="Devices.cpp">
      <Filter>소스 파일\Main</Filter>
    </ClCompile>
    <ClCompile Include="Framebuffers.cpp">
      <Filter>소스 파일\Main</Filter>
    </ClCompile>
    <ClCompile Include="GraphicsPipeline.cpp">
      <Filter>소스 파일\Main</Filter>
    </ClCompile>
    <ClCompile Include="Instance.cpp">
      <Filter>소스 파일\Main</Filter>
    </ClCompile>
    <ClCompile Include="Mesh.cpp">
      <Filter>소스 파일\Main</Filter>
    </ClCompile>
    <ClCompile Include="Model.cpp">
      <Filter>소스 파일\Main</Filter>
    </ClCompile>
    <ClCompile Include="Surface.cpp">
      <Filter>소스 파일\Main</Filter>
    </ClCompile>
    <ClCompile Include="SwapChain.cpp">
      <Filter>소스 파일\Main</Filter>
    </ClCompile>
    <ClCompile Include="SyncObjects.cpp">
      <Filter>소스 파일\Main</Filter>
    </ClCompile>
    <ClCompile Include="Texture.cpp">
      <Filter>소스 파일\Main</Filter>
    </ClCompile>
    <ClCompile Include="UniformBuffers.cpp">
      <Filter>소스 파일\Main</Filter>
    </ClCompile>
    <ClCompile Include="Utils.cpp">
      <Filter>소스 파일\Main</Filter>
    </ClCompile>
    <ClCompile Include="Window.cpp">
      <Filter>소스 파일\Main</Filter>
    </ClCompile>
    <ClCompile Include="Application.cpp">
      <Filter>소스 파일\Main</Filter>
    </ClCompile>
    <ClCompile Include="BufferManip.cpp">
      <Filter>소스 파일\Main</Filter>
    </ClCompile>
    <ClCompile Include="CommandBuffers.cpp">
      <Filter>소스 파일\Main</Filter>
    </ClCompile>
    <ClCompile Include="CommandPool.cpp">
      <Filter>소스 파일\Main</Filter>
    </ClCompile>
    <ClCompile Include="Debug.cpp">
      <Filter>소스 파일\Main</Filter>
    </ClCompile>
    <ClCompile Include="DepthImage.cpp">
      <Filter>소스 파일\Main</Filter>
    </ClCompile>
    <ClCompile Include="PaperPlane.cpp">
      <Filter>소스 파일\Game</Filter>
    </ClCompile>
    <ClCompile Include="Camera.cpp">
      <Filter>소스 파일\Game</Filter>
    </ClCompile>
    <ClCompile Include="GameMain.cpp">
      <Filter>소스 파일\Game</Filter>
    </ClCompile>
  </ItemGroup>
  <ItemGroup>
    <ClInclude Include="Application.h">
      <Filter>소스 파일\Main</Filter>
    </ClInclude>
    <ClInclude Include="BufferManip.h">
      <Filter>소스 파일\Main</Filter>
    </ClInclude>
    <ClInclude Include="CommandBuffers.h">
      <Filter>소스 파일\Main</Filter>
    </ClInclude>
    <ClInclude Include="CommandPool.h">
      <Filter>소스 파일\Main</Filter>
    </ClInclude>
    <ClInclude Include="Debug.h">
      <Filter>소스 파일\Main</Filter>
    </ClInclude>
    <ClInclude Include="DepthImage.h">
      <Filter>소스 파일\Main</Filter>
    </ClInclude>
    <ClInclude Include="DescriptorSets.h">
      <Filter>소스 파일\Main</Filter>
    </ClInclude>
    <ClInclude Include="Devices.h">
      <Filter>소스 파일\Main</Filter>
    </ClInclude>
    <ClInclude Include="Framebuffers.h">
      <Filter>소스 파일\Main</Filter>
    </ClInclude>
    <ClInclude Include="GraphicsPipeline.h">
      <Filter>소스 파일\Main</Filter>
    </ClInclude>
    <ClInclude Include="IApplication.h">
      <Filter>소스 파일\Main</Filter>
    </ClInclude>
    <ClInclude Include="Instance.h">
      <Filter>소스 파일\Main</Filter>
    </ClInclude>
    <ClInclude Include="Mesh.h">
      <Filter>소스 파일\Main</Filter>
    </ClInclude>
    <ClInclude Include="Model.h">
      <Filter>소스 파일\Main</Filter>
    </ClInclude>
    <ClInclude Include="Surface.h">
      <Filter>소스 파일\Main</Filter>
    </ClInclude>
    <ClInclude Include="SwapChain.h">
      <Filter>소스 파일\Main</Filter>
    </ClInclude>
    <ClInclude Include="SyncObjects.h">
      <Filter>소스 파일\Main</Filter>
    </ClInclude>
    <ClInclude Include="Texture.h">
      <Filter>소스 파일\Main</Filter>
    </ClInclude>
    <ClInclude Include="UniformBuffers.h">
      <Filter>소스 파일\Main</Filter>
    </ClInclude>
    <ClInclude Include="Utils.h">
      <Filter>소스 파일\Main</Filter>
    </ClInclude>
    <ClInclude Include="Vertex.h">
      <Filter>소스 파일\Main</Filter>
    </ClInclude>
    <ClInclude Include="Window.h">
      <Filter>소스 파일\Main</Filter>
    </ClInclude>
    <ClInclude Include="Libraries.h">
      <Filter>소스 파일\Main</Filter>
    </ClInclude>
    <ClInclude Include="Camera.h">
      <Filter>소스 파일\Game</Filter>
    </ClInclude>
    <ClInclude Include="PaperPlane.h">
      <Filter>소스 파일\Game</Filter>
    </ClInclude>
    <ClInclude Include="GameMain.h">
      <Filter>소스 파일\Game</Filter>
    </ClInclude>
  </ItemGroup>
</Project>